// !$*UTF8*$!
{
	archiveVersion = 1;
	classes = {
	};
	objectVersion = 50;
	objects = {

/* Begin PBXBuildFile section */
		6A2699FF254B3B8400435C50 /* AppDelegate.swift in Sources */ = {isa = PBXBuildFile; fileRef = 6A2699FE254B3B8400435C50 /* AppDelegate.swift */; };
		6A269A01254B3B8400435C50 /* ContentView.swift in Sources */ = {isa = PBXBuildFile; fileRef = 6A269A00254B3B8400435C50 /* ContentView.swift */; };
		6A269A03254B3B8600435C50 /* Assets.xcassets in Resources */ = {isa = PBXBuildFile; fileRef = 6A269A02254B3B8600435C50 /* Assets.xcassets */; };
		6A269A06254B3B8600435C50 /* Preview Assets.xcassets in Resources */ = {isa = PBXBuildFile; fileRef = 6A269A05254B3B8600435C50 /* Preview Assets.xcassets */; };
		6A269A09254B3B8600435C50 /* Main.storyboard in Resources */ = {isa = PBXBuildFile; fileRef = 6A269A07254B3B8600435C50 /* Main.storyboard */; };
		6A269A15254B3B8600435C50 /* ReadFastTests.swift in Sources */ = {isa = PBXBuildFile; fileRef = 6A269A14254B3B8600435C50 /* ReadFastTests.swift */; };
		6A269A20254B3B8600435C50 /* ReadFastUITests.swift in Sources */ = {isa = PBXBuildFile; fileRef = 6A269A1F254B3B8600435C50 /* ReadFastUITests.swift */; };
/* End PBXBuildFile section */

/* Begin PBXContainerItemProxy section */
		6A269A11254B3B8600435C50 /* PBXContainerItemProxy */ = {
			isa = PBXContainerItemProxy;
			containerPortal = 6A2699F3254B3B8400435C50 /* Project object */;
			proxyType = 1;
			remoteGlobalIDString = 6A2699FA254B3B8400435C50;
			remoteInfo = ReadFast;
		};
		6A269A1C254B3B8600435C50 /* PBXContainerItemProxy */ = {
			isa = PBXContainerItemProxy;
			containerPortal = 6A2699F3254B3B8400435C50 /* Project object */;
			proxyType = 1;
			remoteGlobalIDString = 6A2699FA254B3B8400435C50;
			remoteInfo = ReadFast;
		};
/* End PBXContainerItemProxy section */

/* Begin PBXFileReference section */
		6A2699FB254B3B8400435C50 /* ReadFast.app */ = {isa = PBXFileReference; explicitFileType = wrapper.application; includeInIndex = 0; path = ReadFast.app; sourceTree = BUILT_PRODUCTS_DIR; };
		6A2699FE254B3B8400435C50 /* AppDelegate.swift */ = {isa = PBXFileReference; lastKnownFileType = sourcecode.swift; path = AppDelegate.swift; sourceTree = "<group>"; };
		6A269A00254B3B8400435C50 /* ContentView.swift */ = {isa = PBXFileReference; lastKnownFileType = sourcecode.swift; path = ContentView.swift; sourceTree = "<group>"; };
		6A269A02254B3B8600435C50 /* Assets.xcassets */ = {isa = PBXFileReference; lastKnownFileType = folder.assetcatalog; path = Assets.xcassets; sourceTree = "<group>"; };
		6A269A05254B3B8600435C50 /* Preview Assets.xcassets */ = {isa = PBXFileReference; lastKnownFileType = folder.assetcatalog; path = "Preview Assets.xcassets"; sourceTree = "<group>"; };
		6A269A08254B3B8600435C50 /* Base */ = {isa = PBXFileReference; lastKnownFileType = file.storyboard; name = Base; path = Base.lproj/Main.storyboard; sourceTree = "<group>"; };
		6A269A0A254B3B8600435C50 /* Info.plist */ = {isa = PBXFileReference; lastKnownFileType = text.plist.xml; path = Info.plist; sourceTree = "<group>"; };
		6A269A0B254B3B8600435C50 /* ReadFast.entitlements */ = {isa = PBXFileReference; lastKnownFileType = text.plist.entitlements; path = ReadFast.entitlements; sourceTree = "<group>"; };
		6A269A10254B3B8600435C50 /* ReadFastTests.xctest */ = {isa = PBXFileReference; explicitFileType = wrapper.cfbundle; includeInIndex = 0; path = ReadFastTests.xctest; sourceTree = BUILT_PRODUCTS_DIR; };
		6A269A14254B3B8600435C50 /* ReadFastTests.swift */ = {isa = PBXFileReference; lastKnownFileType = sourcecode.swift; path = ReadFastTests.swift; sourceTree = "<group>"; };
		6A269A16254B3B8600435C50 /* Info.plist */ = {isa = PBXFileReference; lastKnownFileType = text.plist.xml; path = Info.plist; sourceTree = "<group>"; };
		6A269A1B254B3B8600435C50 /* ReadFastUITests.xctest */ = {isa = PBXFileReference; explicitFileType = wrapper.cfbundle; includeInIndex = 0; path = ReadFastUITests.xctest; sourceTree = BUILT_PRODUCTS_DIR; };
		6A269A1F254B3B8600435C50 /* ReadFastUITests.swift */ = {isa = PBXFileReference; lastKnownFileType = sourcecode.swift; path = ReadFastUITests.swift; sourceTree = "<group>"; };
		6A269A21254B3B8600435C50 /* Info.plist */ = {isa = PBXFileReference; lastKnownFileType = text.plist.xml; path = Info.plist; sourceTree = "<group>"; };
/* End PBXFileReference section */

/* Begin PBXFrameworksBuildPhase section */
		6A2699F8254B3B8400435C50 /* Frameworks */ = {
			isa = PBXFrameworksBuildPhase;
			buildActionMask = 2147483647;
			files = (
			);
			runOnlyForDeploymentPostprocessing = 0;
		};
		6A269A0D254B3B8600435C50 /* Frameworks */ = {
			isa = PBXFrameworksBuildPhase;
			buildActionMask = 2147483647;
			files = (
			);
			runOnlyForDeploymentPostprocessing = 0;
		};
		6A269A18254B3B8600435C50 /* Frameworks */ = {
			isa = PBXFrameworksBuildPhase;
			buildActionMask = 2147483647;
			files = (
			);
			runOnlyForDeploymentPostprocessing = 0;
		};
/* End PBXFrameworksBuildPhase section */

/* Begin PBXGroup section */
		6A2699F2254B3B8400435C50 = {
			isa = PBXGroup;
			children = (
				6A2699FD254B3B8400435C50 /* ReadFast */,
				6A269A13254B3B8600435C50 /* ReadFastTests */,
				6A269A1E254B3B8600435C50 /* ReadFastUITests */,
				6A2699FC254B3B8400435C50 /* Products */,
			);
			sourceTree = "<group>";
		};
		6A2699FC254B3B8400435C50 /* Products */ = {
			isa = PBXGroup;
			children = (
				6A2699FB254B3B8400435C50 /* ReadFast.app */,
				6A269A10254B3B8600435C50 /* ReadFastTests.xctest */,
				6A269A1B254B3B8600435C50 /* ReadFastUITests.xctest */,
			);
			name = Products;
			sourceTree = "<group>";
		};
		6A2699FD254B3B8400435C50 /* ReadFast */ = {
			isa = PBXGroup;
			children = (
				6A2699FE254B3B8400435C50 /* AppDelegate.swift */,
				6A269A00254B3B8400435C50 /* ContentView.swift */,
				6A269A02254B3B8600435C50 /* Assets.xcassets */,
				6A269A07254B3B8600435C50 /* Main.storyboard */,
				6A269A0A254B3B8600435C50 /* Info.plist */,
				6A269A0B254B3B8600435C50 /* ReadFast.entitlements */,
				6A269A04254B3B8600435C50 /* Preview Content */,
			);
			path = ReadFast;
			sourceTree = "<group>";
		};
		6A269A04254B3B8600435C50 /* Preview Content */ = {
			isa = PBXGroup;
			children = (
				6A269A05254B3B8600435C50 /* Preview Assets.xcassets */,
			);
			path = "Preview Content";
			sourceTree = "<group>";
		};
		6A269A13254B3B8600435C50 /* ReadFastTests */ = {
			isa = PBXGroup;
			children = (
				6A269A14254B3B8600435C50 /* ReadFastTests.swift */,
				6A269A16254B3B8600435C50 /* Info.plist */,
			);
			path = ReadFastTests;
			sourceTree = "<group>";
		};
		6A269A1E254B3B8600435C50 /* ReadFastUITests */ = {
			isa = PBXGroup;
			children = (
				6A269A1F254B3B8600435C50 /* ReadFastUITests.swift */,
				6A269A21254B3B8600435C50 /* Info.plist */,
			);
			path = ReadFastUITests;
			sourceTree = "<group>";
		};
/* End PBXGroup section */

/* Begin PBXNativeTarget section */
		6A2699FA254B3B8400435C50 /* ReadFast */ = {
			isa = PBXNativeTarget;
			buildConfigurationList = 6A269A24254B3B8600435C50 /* Build configuration list for PBXNativeTarget "ReadFast" */;
			buildPhases = (
				6A2699F7254B3B8400435C50 /* Sources */,
				6A2699F8254B3B8400435C50 /* Frameworks */,
				6A2699F9254B3B8400435C50 /* Resources */,
			);
			buildRules = (
			);
			dependencies = (
			);
			name = ReadFast;
			productName = ReadFast;
			productReference = 6A2699FB254B3B8400435C50 /* ReadFast.app */;
			productType = "com.apple.product-type.application";
		};
		6A269A0F254B3B8600435C50 /* ReadFastTests */ = {
			isa = PBXNativeTarget;
			buildConfigurationList = 6A269A27254B3B8600435C50 /* Build configuration list for PBXNativeTarget "ReadFastTests" */;
			buildPhases = (
				6A269A0C254B3B8600435C50 /* Sources */,
				6A269A0D254B3B8600435C50 /* Frameworks */,
				6A269A0E254B3B8600435C50 /* Resources */,
			);
			buildRules = (
			);
			dependencies = (
				6A269A12254B3B8600435C50 /* PBXTargetDependency */,
			);
			name = ReadFastTests;
			productName = ReadFastTests;
			productReference = 6A269A10254B3B8600435C50 /* ReadFastTests.xctest */;
			productType = "com.apple.product-type.bundle.unit-test";
		};
		6A269A1A254B3B8600435C50 /* ReadFastUITests */ = {
			isa = PBXNativeTarget;
			buildConfigurationList = 6A269A2A254B3B8600435C50 /* Build configuration list for PBXNativeTarget "ReadFastUITests" */;
			buildPhases = (
				6A269A17254B3B8600435C50 /* Sources */,
				6A269A18254B3B8600435C50 /* Frameworks */,
				6A269A19254B3B8600435C50 /* Resources */,
			);
			buildRules = (
			);
			dependencies = (
				6A269A1D254B3B8600435C50 /* PBXTargetDependency */,
			);
			name = ReadFastUITests;
			productName = ReadFastUITests;
			productReference = 6A269A1B254B3B8600435C50 /* ReadFastUITests.xctest */;
			productType = "com.apple.product-type.bundle.ui-testing";
		};
/* End PBXNativeTarget section */

/* Begin PBXProject section */
		6A2699F3254B3B8400435C50 /* Project object */ = {
			isa = PBXProject;
			attributes = {
				LastSwiftUpdateCheck = 1210;
				LastUpgradeCheck = 1210;
				TargetAttributes = {
					6A2699FA254B3B8400435C50 = {
						CreatedOnToolsVersion = 12.1;
					};
					6A269A0F254B3B8600435C50 = {
						CreatedOnToolsVersion = 12.1;
						TestTargetID = 6A2699FA254B3B8400435C50;
					};
					6A269A1A254B3B8600435C50 = {
						CreatedOnToolsVersion = 12.1;
						TestTargetID = 6A2699FA254B3B8400435C50;
					};
				};
			};
			buildConfigurationList = 6A2699F6254B3B8400435C50 /* Build configuration list for PBXProject "ReadFast" */;
			compatibilityVersion = "Xcode 9.3";
			developmentRegion = en;
			hasScannedForEncodings = 0;
			knownRegions = (
				en,
				Base,
			);
			mainGroup = 6A2699F2254B3B8400435C50;
			productRefGroup = 6A2699FC254B3B8400435C50 /* Products */;
			projectDirPath = "";
			projectRoot = "";
			targets = (
				6A2699FA254B3B8400435C50 /* ReadFast */,
				6A269A0F254B3B8600435C50 /* ReadFastTests */,
				6A269A1A254B3B8600435C50 /* ReadFastUITests */,
			);
		};
/* End PBXProject section */

/* Begin PBXResourcesBuildPhase section */
		6A2699F9254B3B8400435C50 /* Resources */ = {
			isa = PBXResourcesBuildPhase;
			buildActionMask = 2147483647;
			files = (
				6A269A09254B3B8600435C50 /* Main.storyboard in Resources */,
				6A269A06254B3B8600435C50 /* Preview Assets.xcassets in Resources */,
				6A269A03254B3B8600435C50 /* Assets.xcassets in Resources */,
			);
			runOnlyForDeploymentPostprocessing = 0;
		};
		6A269A0E254B3B8600435C50 /* Resources */ = {
			isa = PBXResourcesBuildPhase;
			buildActionMask = 2147483647;
			files = (
			);
			runOnlyForDeploymentPostprocessing = 0;
		};
		6A269A19254B3B8600435C50 /* Resources */ = {
			isa = PBXResourcesBuildPhase;
			buildActionMask = 2147483647;
			files = (
			);
			runOnlyForDeploymentPostprocessing = 0;
		};
/* End PBXResourcesBuildPhase section */

/* Begin PBXSourcesBuildPhase section */
		6A2699F7254B3B8400435C50 /* Sources */ = {
			isa = PBXSourcesBuildPhase;
			buildActionMask = 2147483647;
			files = (
				6A269A01254B3B8400435C50 /* ContentView.swift in Sources */,
				6A2699FF254B3B8400435C50 /* AppDelegate.swift in Sources */,
			);
			runOnlyForDeploymentPostprocessing = 0;
		};
		6A269A0C254B3B8600435C50 /* Sources */ = {
			isa = PBXSourcesBuildPhase;
			buildActionMask = 2147483647;
			files = (
				6A269A15254B3B8600435C50 /* ReadFastTests.swift in Sources */,
			);
			runOnlyForDeploymentPostprocessing = 0;
		};
		6A269A17254B3B8600435C50 /* Sources */ = {
			isa = PBXSourcesBuildPhase;
			buildActionMask = 2147483647;
			files = (
				6A269A20254B3B8600435C50 /* ReadFastUITests.swift in Sources */,
			);
			runOnlyForDeploymentPostprocessing = 0;
		};
/* End PBXSourcesBuildPhase section */

/* Begin PBXTargetDependency section */
		6A269A12254B3B8600435C50 /* PBXTargetDependency */ = {
			isa = PBXTargetDependency;
			target = 6A2699FA254B3B8400435C50 /* ReadFast */;
			targetProxy = 6A269A11254B3B8600435C50 /* PBXContainerItemProxy */;
		};
		6A269A1D254B3B8600435C50 /* PBXTargetDependency */ = {
			isa = PBXTargetDependency;
			target = 6A2699FA254B3B8400435C50 /* ReadFast */;
			targetProxy = 6A269A1C254B3B8600435C50 /* PBXContainerItemProxy */;
		};
/* End PBXTargetDependency section */

/* Begin PBXVariantGroup section */
		6A269A07254B3B8600435C50 /* Main.storyboard */ = {
			isa = PBXVariantGroup;
			children = (
				6A269A08254B3B8600435C50 /* Base */,
			);
			name = Main.storyboard;
			sourceTree = "<group>";
		};
/* End PBXVariantGroup section */

/* Begin XCBuildConfiguration section */
		6A269A22254B3B8600435C50 /* Debug */ = {
			isa = XCBuildConfiguration;
			buildSettings = {
				ALWAYS_SEARCH_USER_PATHS = NO;
				CLANG_ANALYZER_NONNULL = YES;
				CLANG_ANALYZER_NUMBER_OBJECT_CONVERSION = YES_AGGRESSIVE;
				CLANG_CXX_LANGUAGE_STANDARD = "gnu++14";
				CLANG_CXX_LIBRARY = "libc++";
				CLANG_ENABLE_MODULES = YES;
				CLANG_ENABLE_OBJC_ARC = YES;
				CLANG_ENABLE_OBJC_WEAK = YES;
				CLANG_WARN_BLOCK_CAPTURE_AUTORELEASING = YES;
				CLANG_WARN_BOOL_CONVERSION = YES;
				CLANG_WARN_COMMA = YES;
				CLANG_WARN_CONSTANT_CONVERSION = YES;
				CLANG_WARN_DEPRECATED_OBJC_IMPLEMENTATIONS = YES;
				CLANG_WARN_DIRECT_OBJC_ISA_USAGE = YES_ERROR;
				CLANG_WARN_DOCUMENTATION_COMMENTS = YES;
				CLANG_WARN_EMPTY_BODY = YES;
				CLANG_WARN_ENUM_CONVERSION = YES;
				CLANG_WARN_INFINITE_RECURSION = YES;
				CLANG_WARN_INT_CONVERSION = YES;
				CLANG_WARN_NON_LITERAL_NULL_CONVERSION = YES;
				CLANG_WARN_OBJC_IMPLICIT_RETAIN_SELF = YES;
				CLANG_WARN_OBJC_LITERAL_CONVERSION = YES;
				CLANG_WARN_OBJC_ROOT_CLASS = YES_ERROR;
				CLANG_WARN_QUOTED_INCLUDE_IN_FRAMEWORK_HEADER = YES;
				CLANG_WARN_RANGE_LOOP_ANALYSIS = YES;
				CLANG_WARN_STRICT_PROTOTYPES = YES;
				CLANG_WARN_SUSPICIOUS_MOVE = YES;
				CLANG_WARN_UNGUARDED_AVAILABILITY = YES_AGGRESSIVE;
				CLANG_WARN_UNREACHABLE_CODE = YES;
				CLANG_WARN__DUPLICATE_METHOD_MATCH = YES;
				COPY_PHASE_STRIP = NO;
				DEBUG_INFORMATION_FORMAT = dwarf;
				ENABLE_STRICT_OBJC_MSGSEND = YES;
				ENABLE_TESTABILITY = YES;
				GCC_C_LANGUAGE_STANDARD = gnu11;
				GCC_DYNAMIC_NO_PIC = NO;
				GCC_NO_COMMON_BLOCKS = YES;
				GCC_OPTIMIZATION_LEVEL = 0;
				GCC_PREPROCESSOR_DEFINITIONS = (
					"DEBUG=1",
					"$(inherited)",
				);
				GCC_WARN_64_TO_32_BIT_CONVERSION = YES;
				GCC_WARN_ABOUT_RETURN_TYPE = YES_ERROR;
				GCC_WARN_UNDECLARED_SELECTOR = YES;
				GCC_WARN_UNINITIALIZED_AUTOS = YES_AGGRESSIVE;
				GCC_WARN_UNUSED_FUNCTION = YES;
				GCC_WARN_UNUSED_VARIABLE = YES;
				MACOSX_DEPLOYMENT_TARGET = 10.15;
				MTL_ENABLE_DEBUG_INFO = INCLUDE_SOURCE;
				MTL_FAST_MATH = YES;
				ONLY_ACTIVE_ARCH = YES;
				SDKROOT = macosx;
				SWIFT_ACTIVE_COMPILATION_CONDITIONS = DEBUG;
				SWIFT_OPTIMIZATION_LEVEL = "-Onone";
			};
			name = Debug;
		};
		6A269A23254B3B8600435C50 /* Release */ = {
			isa = XCBuildConfiguration;
			buildSettings = {
				ALWAYS_SEARCH_USER_PATHS = NO;
				CLANG_ANALYZER_NONNULL = YES;
				CLANG_ANALYZER_NUMBER_OBJECT_CONVERSION = YES_AGGRESSIVE;
				CLANG_CXX_LANGUAGE_STANDARD = "gnu++14";
				CLANG_CXX_LIBRARY = "libc++";
				CLANG_ENABLE_MODULES = YES;
				CLANG_ENABLE_OBJC_ARC = YES;
				CLANG_ENABLE_OBJC_WEAK = YES;
				CLANG_WARN_BLOCK_CAPTURE_AUTORELEASING = YES;
				CLANG_WARN_BOOL_CONVERSION = YES;
				CLANG_WARN_COMMA = YES;
				CLANG_WARN_CONSTANT_CONVERSION = YES;
				CLANG_WARN_DEPRECATED_OBJC_IMPLEMENTATIONS = YES;
				CLANG_WARN_DIRECT_OBJC_ISA_USAGE = YES_ERROR;
				CLANG_WARN_DOCUMENTATION_COMMENTS = YES;
				CLANG_WARN_EMPTY_BODY = YES;
				CLANG_WARN_ENUM_CONVERSION = YES;
				CLANG_WARN_INFINITE_RECURSION = YES;
				CLANG_WARN_INT_CONVERSION = YES;
				CLANG_WARN_NON_LITERAL_NULL_CONVERSION = YES;
				CLANG_WARN_OBJC_IMPLICIT_RETAIN_SELF = YES;
				CLANG_WARN_OBJC_LITERAL_CONVERSION = YES;
				CLANG_WARN_OBJC_ROOT_CLASS = YES_ERROR;
				CLANG_WARN_QUOTED_INCLUDE_IN_FRAMEWORK_HEADER = YES;
				CLANG_WARN_RANGE_LOOP_ANALYSIS = YES;
				CLANG_WARN_STRICT_PROTOTYPES = YES;
				CLANG_WARN_SUSPICIOUS_MOVE = YES;
				CLANG_WARN_UNGUARDED_AVAILABILITY = YES_AGGRESSIVE;
				CLANG_WARN_UNREACHABLE_CODE = YES;
				CLANG_WARN__DUPLICATE_METHOD_MATCH = YES;
				COPY_PHASE_STRIP = NO;
				DEBUG_INFORMATION_FORMAT = "dwarf-with-dsym";
				ENABLE_NS_ASSERTIONS = NO;
				ENABLE_STRICT_OBJC_MSGSEND = YES;
				GCC_C_LANGUAGE_STANDARD = gnu11;
				GCC_NO_COMMON_BLOCKS = YES;
				GCC_WARN_64_TO_32_BIT_CONVERSION = YES;
				GCC_WARN_ABOUT_RETURN_TYPE = YES_ERROR;
				GCC_WARN_UNDECLARED_SELECTOR = YES;
				GCC_WARN_UNINITIALIZED_AUTOS = YES_AGGRESSIVE;
				GCC_WARN_UNUSED_FUNCTION = YES;
				GCC_WARN_UNUSED_VARIABLE = YES;
				MACOSX_DEPLOYMENT_TARGET = 10.15;
				MTL_ENABLE_DEBUG_INFO = NO;
				MTL_FAST_MATH = YES;
				SDKROOT = macosx;
				SWIFT_COMPILATION_MODE = wholemodule;
				SWIFT_OPTIMIZATION_LEVEL = "-O";
			};
			name = Release;
		};
		6A269A25254B3B8600435C50 /* Debug */ = {
			isa = XCBuildConfiguration;
			buildSettings = {
				ASSETCATALOG_COMPILER_APPICON_NAME = AppIcon;
				ASSETCATALOG_COMPILER_GLOBAL_ACCENT_COLOR_NAME = AccentColor;
				CODE_SIGN_ENTITLEMENTS = ReadFast/ReadFast.entitlements;
				CODE_SIGN_STYLE = Automatic;
				COMBINE_HIDPI_IMAGES = YES;
				DEVELOPMENT_ASSET_PATHS = "\"ReadFast/Preview Content\"";
				DEVELOPMENT_TEAM = 6365P5X875;
				ENABLE_HARDENED_RUNTIME = YES;
				ENABLE_PREVIEWS = YES;
				INFOPLIST_FILE = ReadFast/Info.plist;
				LD_RUNPATH_SEARCH_PATHS = (
					"$(inherited)",
					"@executable_path/../Frameworks",
				);
				MACOSX_DEPLOYMENT_TARGET = 10.15;
				PRODUCT_BUNDLE_IDENTIFIER = amirprime.ReadFast;
				PRODUCT_NAME = "$(TARGET_NAME)";
				SWIFT_VERSION = 5.0;
			};
			name = Debug;
		};
		6A269A26254B3B8600435C50 /* Release */ = {
			isa = XCBuildConfiguration;
			buildSettings = {
				ASSETCATALOG_COMPILER_APPICON_NAME = AppIcon;
				ASSETCATALOG_COMPILER_GLOBAL_ACCENT_COLOR_NAME = AccentColor;
				CODE_SIGN_ENTITLEMENTS = ReadFast/ReadFast.entitlements;
				CODE_SIGN_STYLE = Automatic;
				COMBINE_HIDPI_IMAGES = YES;
				DEVELOPMENT_ASSET_PATHS = "\"ReadFast/Preview Content\"";
				DEVELOPMENT_TEAM = 6365P5X875;
				ENABLE_HARDENED_RUNTIME = YES;
				ENABLE_PREVIEWS = YES;
				INFOPLIST_FILE = ReadFast/Info.plist;
				LD_RUNPATH_SEARCH_PATHS = (
					"$(inherited)",
					"@executable_path/../Frameworks",
				);
				MACOSX_DEPLOYMENT_TARGET = 10.15;
				PRODUCT_BUNDLE_IDENTIFIER = amirprime.ReadFast;
				PRODUCT_NAME = "$(TARGET_NAME)";
				SWIFT_VERSION = 5.0;
			};
			name = Release;
		};
		6A269A28254B3B8600435C50 /* Debug */ = {
			isa = XCBuildConfiguration;
			buildSettings = {
				ALWAYS_EMBED_SWIFT_STANDARD_LIBRARIES = YES;
				BUNDLE_LOADER = "$(TEST_HOST)";
				CODE_SIGN_STYLE = Automatic;
				COMBINE_HIDPI_IMAGES = YES;
				DEVELOPMENT_TEAM = 6365P5X875;
				INFOPLIST_FILE = ReadFastTests/Info.plist;
				LD_RUNPATH_SEARCH_PATHS = (
					"$(inherited)",
					"@executable_path/../Frameworks",
					"@loader_path/../Frameworks",
				);
				MACOSX_DEPLOYMENT_TARGET = 10.15;
				PRODUCT_BUNDLE_IDENTIFIER = amirprime.ReadFastTests;
				PRODUCT_NAME = "$(TARGET_NAME)";
				SWIFT_VERSION = 5.0;
				TEST_HOST = "$(BUILT_PRODUCTS_DIR)/ReadFast.app/Contents/MacOS/ReadFast";
			};
			name = Debug;
		};
		6A269A29254B3B8600435C50 /* Release */ = {
			isa = XCBuildConfiguration;
			buildSettings = {
				ALWAYS_EMBED_SWIFT_STANDARD_LIBRARIES = YES;
				BUNDLE_LOADER = "$(TEST_HOST)";
				CODE_SIGN_STYLE = Automatic;
				COMBINE_HIDPI_IMAGES = YES;
				DEVELOPMENT_TEAM = 6365P5X875;
				INFOPLIST_FILE = ReadFastTests/Info.plist;
				LD_RUNPATH_SEARCH_PATHS = (
					"$(inherited)",
					"@executable_path/../Frameworks",
					"@loader_path/../Frameworks",
				);
				MACOSX_DEPLOYMENT_TARGET = 10.15;
				PRODUCT_BUNDLE_IDENTIFIER = amirprime.ReadFastTests;
				PRODUCT_NAME = "$(TARGET_NAME)";
				SWIFT_VERSION = 5.0;
				TEST_HOST = "$(BUILT_PRODUCTS_DIR)/ReadFast.app/Contents/MacOS/ReadFast";
			};
			name = Release;
		};
		6A269A2B254B3B8600435C50 /* Debug */ = {
			isa = XCBuildConfiguration;
			buildSettings = {
				ALWAYS_EMBED_SWIFT_STANDARD_LIBRARIES = YES;
				CODE_SIGN_STYLE = Automatic;
				COMBINE_HIDPI_IMAGES = YES;
				DEVELOPMENT_TEAM = 6365P5X875;
				INFOPLIST_FILE = ReadFastUITests/Info.plist;
				LD_RUNPATH_SEARCH_PATHS = (
					"$(inherited)",
					"@executable_path/../Frameworks",
					"@loader_path/../Frameworks",
				);
				PRODUCT_BUNDLE_IDENTIFIER = amirprime.ReadFastUITests;
				PRODUCT_NAME = "$(TARGET_NAME)";
				SWIFT_VERSION = 5.0;
				TEST_TARGET_NAME = ReadFast;
			};
			name = Debug;
		};
		6A269A2C254B3B8600435C50 /* Release */ = {
			isa = XCBuildConfiguration;
			buildSettings = {
				ALWAYS_EMBED_SWIFT_STANDARD_LIBRARIES = YES;
				CODE_SIGN_STYLE = Automatic;
				COMBINE_HIDPI_IMAGES = YES;
				DEVELOPMENT_TEAM = 6365P5X875;
				INFOPLIST_FILE = ReadFastUITests/Info.plist;
				LD_RUNPATH_SEARCH_PATHS = (
					"$(inherited)",
					"@executable_path/../Frameworks",
					"@loader_path/../Frameworks",
				);
				PRODUCT_BUNDLE_IDENTIFIER = amirprime.ReadFastUITests;
				PRODUCT_NAME = "$(TARGET_NAME)";
				SWIFT_VERSION = 5.0;
				TEST_TARGET_NAME = ReadFast;
			};
			name = Release;
		};
/* End XCBuildConfiguration section */

/* Begin XCConfigurationList section */
		6A2699F6254B3B8400435C50 /* Build configuration list for PBXProject "ReadFast" */ = {
			isa = XCConfigurationList;
			buildConfigurations = (
				6A269A22254B3B8600435C50 /* Debug */,
				6A269A23254B3B8600435C50 /* Release */,
			);
			defaultConfigurationIsVisible = 0;
			defaultConfigurationName = Release;
		};
		6A269A24254B3B8600435C50 /* Build configuration list for PBXNativeTarget "ReadFast" */ = {
			isa = XCConfigurationList;
			buildConfigurations = (
				6A269A25254B3B8600435C50 /* Debug */,
				6A269A26254B3B8600435C50 /* Release */,
			);
			defaultConfigurationIsVisible = 0;
			defaultConfigurationName = Release;
		};
		6A269A27254B3B8600435C50 /* Build configuration list for PBXNativeTarget "ReadFastTests" */ = {
			isa = XCConfigurationList;
			buildConfigurations = (
				6A269A28254B3B8600435C50 /* Debug */,
				6A269A29254B3B8600435C50 /* Release */,
			);
			defaultConfigurationIsVisible = 0;
			defaultConfigurationName = Release;
		};
		6A269A2A254B3B8600435C50 /* Build configuration list for PBXNativeTarget "ReadFastUITests" */ = {
			isa = XCConfigurationList;
			buildConfigurations = (
				6A269A2B254B3B8600435C50 /* Debug */,
				6A269A2C254B3B8600435C50 /* Release */,
			);
			defaultConfigurationIsVisible = 0;
			defaultConfigurationName = Release;
		};
/* End XCConfigurationList section */
	};
	rootObject = 6A2699F3254B3B8400435C50 /* Project object */;
}
